// !$*UTF8*$!
{
	archiveVersion = 1;
	classes = {
	};
	objectVersion = 56;
	objects = {

/* Begin PBXBuildFile section */
		61A5A8DB2C79ADD000C93036 /* Assets.xcassets in Resources */ = {isa = PBXBuildFile; fileRef = 61A5A8DA2C79ADD000C93036 /* Assets.xcassets */; };
		61A5A8DE2C79ADD000C93036 /* Preview Assets.xcassets in Resources */ = {isa = PBXBuildFile; fileRef = 61A5A8DD2C79ADD000C93036 /* Preview Assets.xcassets */; };
		61A5A8E62C79AE1A00C93036 /* Main.cpp in Sources */ = {isa = PBXBuildFile; fileRef = 61A5A8E52C79AE1A00C93036 /* Main.cpp */; };
		61A5A8EB2C79CB9600C93036 /* OpenGL_On_Mac.cpp in Sources */ = {isa = PBXBuildFile; fileRef = 61A5A8EA2C79CB9600C93036 /* OpenGL_On_Mac.cpp */; };
		61A5A8F12C79F9E500C93036 /* triangle-opengl.c in Sources */ = {isa = PBXBuildFile; fileRef = 61A5A8F02C79F9E500C93036 /* triangle-opengl.c */; };
		61A5A9092C7A6A8300C93036 /* OpenGL.framework in Frameworks */ = {isa = PBXBuildFile; fileRef = 61A5A8E82C79CA1E00C93036 /* OpenGL.framework */; };
		61A5A9682C7A6CD400C93036 /* libglfw.3.4.dylib in Frameworks */ = {isa = PBXBuildFile; fileRef = 61A5A9662C7A6CD400C93036 /* libglfw.3.4.dylib */; };
		61A5A9692C7A6CD400C93036 /* libglfw3.a in Frameworks */ = {isa = PBXBuildFile; fileRef = 61A5A9672C7A6CD400C93036 /* libglfw3.a */; };
		61A5A9722C7A6CFE00C93036 /* glad.c in Sources */ = {isa = PBXBuildFile; fileRef = 61A5A9712C7A6CFE00C93036 /* glad.c */; };
/* End PBXBuildFile section */

/* Begin PBXFileReference section */
		61A5A8D32C79ADCE00C93036 /* GLFW Guide.app */ = {isa = PBXFileReference; explicitFileType = wrapper.application; includeInIndex = 0; path = "GLFW Guide.app"; sourceTree = BUILT_PRODUCTS_DIR; };
		61A5A8DA2C79ADD000C93036 /* Assets.xcassets */ = {isa = PBXFileReference; lastKnownFileType = folder.assetcatalog; path = Assets.xcassets; sourceTree = "<group>"; };
		61A5A8DD2C79ADD000C93036 /* Preview Assets.xcassets */ = {isa = PBXFileReference; lastKnownFileType = folder.assetcatalog; path = "Preview Assets.xcassets"; sourceTree = "<group>"; };
		61A5A8DF2C79ADD000C93036 /* GLFW_Guide.entitlements */ = {isa = PBXFileReference; lastKnownFileType = text.plist.entitlements; path = GLFW_Guide.entitlements; sourceTree = "<group>"; };
		61A5A8E52C79AE1A00C93036 /* Main.cpp */ = {isa = PBXFileReference; lastKnownFileType = sourcecode.cpp.cpp; path = Main.cpp; sourceTree = "<group>"; };
		61A5A8E82C79CA1E00C93036 /* OpenGL.framework */ = {isa = PBXFileReference; lastKnownFileType = wrapper.framework; name = OpenGL.framework; path = System/Library/Frameworks/OpenGL.framework; sourceTree = SDKROOT; };
		61A5A8EA2C79CB9600C93036 /* OpenGL_On_Mac.cpp */ = {isa = PBXFileReference; lastKnownFileType = sourcecode.cpp.cpp; path = OpenGL_On_Mac.cpp; sourceTree = "<group>"; };
		61A5A8F02C79F9E500C93036 /* triangle-opengl.c */ = {isa = PBXFileReference; lastKnownFileType = sourcecode.c.c; path = "triangle-opengl.c"; sourceTree = "<group>"; };
		61A5A9662C7A6CD400C93036 /* libglfw.3.4.dylib */ = {isa = PBXFileReference; lastKnownFileType = "compiled.mach-o.dylib"; name = libglfw.3.4.dylib; path = Dependencies/GLFW/lib/libglfw.3.4.dylib; sourceTree = "<group>"; };
		61A5A9672C7A6CD400C93036 /* libglfw3.a */ = {isa = PBXFileReference; lastKnownFileType = archive.ar; name = libglfw3.a; path = Dependencies/GLFW/lib/libglfw3.a; sourceTree = "<group>"; };
		61A5A96D2C7A6CFE00C93036 /* khrplatform.h */ = {isa = PBXFileReference; fileEncoding = 4; lastKnownFileType = sourcecode.c.h; path = khrplatform.h; sourceTree = "<group>"; };
		61A5A96F2C7A6CFE00C93036 /* glad.h */ = {isa = PBXFileReference; fileEncoding = 4; lastKnownFileType = sourcecode.c.h; path = glad.h; sourceTree = "<group>"; };
		61A5A9712C7A6CFE00C93036 /* glad.c */ = {isa = PBXFileReference; fileEncoding = 4; lastKnownFileType = sourcecode.c.c; path = glad.c; sourceTree = "<group>"; };
/* End PBXFileReference section */

/* Begin PBXFrameworksBuildPhase section */
		61A5A8D02C79ADCE00C93036 /* Frameworks */ = {
			isa = PBXFrameworksBuildPhase;
			buildActionMask = 2147483647;
			files = (
				61A5A9682C7A6CD400C93036 /* libglfw.3.4.dylib in Frameworks */,
				61A5A9692C7A6CD400C93036 /* libglfw3.a in Frameworks */,
				61A5A9092C7A6A8300C93036 /* OpenGL.framework in Frameworks */,
			);
			runOnlyForDeploymentPostprocessing = 0;
		};
/* End PBXFrameworksBuildPhase section */

/* Begin PBXGroup section */
		61A5A8CA2C79ADCE00C93036 = {
			isa = PBXGroup;
			children = (
				61A5A93D2C7A6C3800C93036 /* Dependencies */,
				61A5A8D52C79ADCE00C93036 /* GLFW Guide */,
				61A5A8D42C79ADCE00C93036 /* Products */,
				61A5A8E72C79CA1E00C93036 /* Frameworks */,
			);
			sourceTree = "<group>";
		};
		61A5A8D42C79ADCE00C93036 /* Products */ = {
			isa = PBXGroup;
			children = (
				61A5A8D32C79ADCE00C93036 /* GLFW Guide.app */,
			);
			name = Products;
			sourceTree = "<group>";
		};
		61A5A8D52C79ADCE00C93036 /* GLFW Guide */ = {
			isa = PBXGroup;
			children = (
				61A5A8E52C79AE1A00C93036 /* Main.cpp */,
				61A5A8F02C79F9E500C93036 /* triangle-opengl.c */,
				61A5A8EA2C79CB9600C93036 /* OpenGL_On_Mac.cpp */,
				61A5A8DA2C79ADD000C93036 /* Assets.xcassets */,
				61A5A8DF2C79ADD000C93036 /* GLFW_Guide.entitlements */,
				61A5A8DC2C79ADD000C93036 /* Preview Content */,
			);
			path = "GLFW Guide";
			sourceTree = "<group>";
		};
		61A5A8DC2C79ADD000C93036 /* Preview Content */ = {
			isa = PBXGroup;
			children = (
				61A5A8DD2C79ADD000C93036 /* Preview Assets.xcassets */,
			);
			path = "Preview Content";
			sourceTree = "<group>";
		};
		61A5A8E72C79CA1E00C93036 /* Frameworks */ = {
			isa = PBXGroup;
			children = (
				61A5A9662C7A6CD400C93036 /* libglfw.3.4.dylib */,
				61A5A9672C7A6CD400C93036 /* libglfw3.a */,
				61A5A8E82C79CA1E00C93036 /* OpenGL.framework */,
			);
			name = Frameworks;
			sourceTree = "<group>";
		};
		61A5A93D2C7A6C3800C93036 /* Dependencies */ = {
			isa = PBXGroup;
			children = (
				61A5A96A2C7A6CFE00C93036 /* glad */,
			);
			path = Dependencies;
			sourceTree = "<group>";
		};
		61A5A96A2C7A6CFE00C93036 /* glad */ = {
			isa = PBXGroup;
			children = (
				61A5A96B2C7A6CFE00C93036 /* include */,
				61A5A9702C7A6CFE00C93036 /* src */,
			);
			path = glad;
			sourceTree = "<group>";
		};
		61A5A96B2C7A6CFE00C93036 /* include */ = {
			isa = PBXGroup;
			children = (
				61A5A96C2C7A6CFE00C93036 /* KHR */,
				61A5A96E2C7A6CFE00C93036 /* glad */,
			);
			path = include;
			sourceTree = "<group>";
		};
		61A5A96C2C7A6CFE00C93036 /* KHR */ = {
			isa = PBXGroup;
			children = (
				61A5A96D2C7A6CFE00C93036 /* khrplatform.h */,
			);
			path = KHR;
			sourceTree = "<group>";
		};
		61A5A96E2C7A6CFE00C93036 /* glad */ = {
			isa = PBXGroup;
			children = (
				61A5A96F2C7A6CFE00C93036 /* glad.h */,
			);
			path = glad;
			sourceTree = "<group>";
		};
		61A5A9702C7A6CFE00C93036 /* src */ = {
			isa = PBXGroup;
			children = (
				61A5A9712C7A6CFE00C93036 /* glad.c */,
			);
			path = src;
			sourceTree = "<group>";
		};
/* End PBXGroup section */

/* Begin PBXNativeTarget section */
		61A5A8D22C79ADCE00C93036 /* GLFW Guide */ = {
			isa = PBXNativeTarget;
			buildConfigurationList = 61A5A8E22C79ADD000C93036 /* Build configuration list for PBXNativeTarget "GLFW Guide" */;
			buildPhases = (
				61A5A8CF2C79ADCE00C93036 /* Sources */,
				61A5A8D02C79ADCE00C93036 /* Frameworks */,
				61A5A8D12C79ADCE00C93036 /* Resources */,
			);
			buildRules = (
			);
			dependencies = (
			);
			name = "GLFW Guide";
			productName = "GLFW Guide";
			productReference = 61A5A8D32C79ADCE00C93036 /* GLFW Guide.app */;
			productType = "com.apple.product-type.application";
		};
/* End PBXNativeTarget section */

/* Begin PBXProject section */
		61A5A8CB2C79ADCE00C93036 /* Project object */ = {
			isa = PBXProject;
			attributes = {
				BuildIndependentTargetsInParallel = 1;
				LastSwiftUpdateCheck = 1520;
				LastUpgradeCheck = 1520;
				TargetAttributes = {
					61A5A8D22C79ADCE00C93036 = {
						CreatedOnToolsVersion = 15.2;
						LastSwiftMigration = 1520;
					};
				};
			};
			buildConfigurationList = 61A5A8CE2C79ADCE00C93036 /* Build configuration list for PBXProject "GLFW Guide" */;
			compatibilityVersion = "Xcode 14.0";
			developmentRegion = en;
			hasScannedForEncodings = 0;
			knownRegions = (
				en,
				Base,
			);
			mainGroup = 61A5A8CA2C79ADCE00C93036;
			productRefGroup = 61A5A8D42C79ADCE00C93036 /* Products */;
			projectDirPath = "";
			projectRoot = "";
			targets = (
				61A5A8D22C79ADCE00C93036 /* GLFW Guide */,
			);
		};
/* End PBXProject section */

/* Begin PBXResourcesBuildPhase section */
		61A5A8D12C79ADCE00C93036 /* Resources */ = {
			isa = PBXResourcesBuildPhase;
			buildActionMask = 2147483647;
			files = (
				61A5A8DE2C79ADD000C93036 /* Preview Assets.xcassets in Resources */,
				61A5A8DB2C79ADD000C93036 /* Assets.xcassets in Resources */,
			);
			runOnlyForDeploymentPostprocessing = 0;
		};
/* End PBXResourcesBuildPhase section */

/* Begin PBXSourcesBuildPhase section */
		61A5A8CF2C79ADCE00C93036 /* Sources */ = {
			isa = PBXSourcesBuildPhase;
			buildActionMask = 2147483647;
			files = (
				61A5A9722C7A6CFE00C93036 /* glad.c in Sources */,
				61A5A8EB2C79CB9600C93036 /* OpenGL_On_Mac.cpp in Sources */,
				61A5A8E62C79AE1A00C93036 /* Main.cpp in Sources */,
				61A5A8F12C79F9E500C93036 /* triangle-opengl.c in Sources */,
			);
			runOnlyForDeploymentPostprocessing = 0;
		};
/* End PBXSourcesBuildPhase section */

/* Begin XCBuildConfiguration section */
		61A5A8E02C79ADD000C93036 /* Debug */ = {
			isa = XCBuildConfiguration;
			buildSettings = {
				ALWAYS_SEARCH_USER_PATHS = NO;
				ASSETCATALOG_COMPILER_GENERATE_SWIFT_ASSET_SYMBOL_EXTENSIONS = YES;
				CLANG_ANALYZER_NONNULL = YES;
				CLANG_ANALYZER_NUMBER_OBJECT_CONVERSION = YES_AGGRESSIVE;
				CLANG_CXX_LANGUAGE_STANDARD = "gnu++20";
				CLANG_ENABLE_MODULES = YES;
				CLANG_ENABLE_OBJC_ARC = YES;
				CLANG_ENABLE_OBJC_WEAK = YES;
				CLANG_WARN_BLOCK_CAPTURE_AUTORELEASING = YES;
				CLANG_WARN_BOOL_CONVERSION = YES;
				CLANG_WARN_COMMA = YES;
				CLANG_WARN_CONSTANT_CONVERSION = YES;
				CLANG_WARN_DEPRECATED_OBJC_IMPLEMENTATIONS = YES;
				CLANG_WARN_DIRECT_OBJC_ISA_USAGE = YES_ERROR;
				CLANG_WARN_DOCUMENTATION_COMMENTS = YES;
				CLANG_WARN_EMPTY_BODY = YES;
				CLANG_WARN_ENUM_CONVERSION = YES;
				CLANG_WARN_INFINITE_RECURSION = YES;
				CLANG_WARN_INT_CONVERSION = YES;
				CLANG_WARN_NON_LITERAL_NULL_CONVERSION = YES;
				CLANG_WARN_OBJC_IMPLICIT_RETAIN_SELF = YES;
				CLANG_WARN_OBJC_LITERAL_CONVERSION = YES;
				CLANG_WARN_OBJC_ROOT_CLASS = YES_ERROR;
				CLANG_WARN_QUOTED_INCLUDE_IN_FRAMEWORK_HEADER = YES;
				CLANG_WARN_RANGE_LOOP_ANALYSIS = YES;
				CLANG_WARN_STRICT_PROTOTYPES = YES;
				CLANG_WARN_SUSPICIOUS_MOVE = YES;
				CLANG_WARN_UNGUARDED_AVAILABILITY = YES_AGGRESSIVE;
				CLANG_WARN_UNREACHABLE_CODE = YES;
				CLANG_WARN__DUPLICATE_METHOD_MATCH = YES;
				COPY_PHASE_STRIP = NO;
				DEBUG_INFORMATION_FORMAT = dwarf;
				ENABLE_STRICT_OBJC_MSGSEND = YES;
				ENABLE_TESTABILITY = YES;
				ENABLE_USER_SCRIPT_SANDBOXING = YES;
				GCC_C_LANGUAGE_STANDARD = gnu17;
				GCC_DYNAMIC_NO_PIC = NO;
				GCC_NO_COMMON_BLOCKS = YES;
				GCC_OPTIMIZATION_LEVEL = 0;
				GCC_PREPROCESSOR_DEFINITIONS = (
					"DEBUG=1",
					"$(inherited)",
				);
				GCC_WARN_64_TO_32_BIT_CONVERSION = YES;
				GCC_WARN_ABOUT_RETURN_TYPE = YES_ERROR;
				GCC_WARN_UNDECLARED_SELECTOR = YES;
				GCC_WARN_UNINITIALIZED_AUTOS = YES_AGGRESSIVE;
				GCC_WARN_UNUSED_FUNCTION = YES;
				GCC_WARN_UNUSED_VARIABLE = YES;
				LOCALIZATION_PREFERS_STRING_CATALOGS = YES;
				MACOSX_DEPLOYMENT_TARGET = 14.2;
				MTL_ENABLE_DEBUG_INFO = INCLUDE_SOURCE;
				MTL_FAST_MATH = YES;
				ONLY_ACTIVE_ARCH = YES;
				SDKROOT = macosx;
				SWIFT_ACTIVE_COMPILATION_CONDITIONS = "DEBUG $(inherited)";
				SWIFT_OPTIMIZATION_LEVEL = "-Onone";
			};
			name = Debug;
		};
		61A5A8E12C79ADD000C93036 /* Release */ = {
			isa = XCBuildConfiguration;
			buildSettings = {
				ALWAYS_SEARCH_USER_PATHS = NO;
				ASSETCATALOG_COMPILER_GENERATE_SWIFT_ASSET_SYMBOL_EXTENSIONS = YES;
				CLANG_ANALYZER_NONNULL = YES;
				CLANG_ANALYZER_NUMBER_OBJECT_CONVERSION = YES_AGGRESSIVE;
				CLANG_CXX_LANGUAGE_STANDARD = "gnu++20";
				CLANG_ENABLE_MODULES = YES;
				CLANG_ENABLE_OBJC_ARC = YES;
				CLANG_ENABLE_OBJC_WEAK = YES;
				CLANG_WARN_BLOCK_CAPTURE_AUTORELEASING = YES;
				CLANG_WARN_BOOL_CONVERSION = YES;
				CLANG_WARN_COMMA = YES;
				CLANG_WARN_CONSTANT_CONVERSION = YES;
				CLANG_WARN_DEPRECATED_OBJC_IMPLEMENTATIONS = YES;
				CLANG_WARN_DIRECT_OBJC_ISA_USAGE = YES_ERROR;
				CLANG_WARN_DOCUMENTATION_COMMENTS = YES;
				CLANG_WARN_EMPTY_BODY = YES;
				CLANG_WARN_ENUM_CONVERSION = YES;
				CLANG_WARN_INFINITE_RECURSION = YES;
				CLANG_WARN_INT_CONVERSION = YES;
				CLANG_WARN_NON_LITERAL_NULL_CONVERSION = YES;
				CLANG_WARN_OBJC_IMPLICIT_RETAIN_SELF = YES;
				CLANG_WARN_OBJC_LITERAL_CONVERSION = YES;
				CLANG_WARN_OBJC_ROOT_CLASS = YES_ERROR;
				CLANG_WARN_QUOTED_INCLUDE_IN_FRAMEWORK_HEADER = YES;
				CLANG_WARN_RANGE_LOOP_ANALYSIS = YES;
				CLANG_WARN_STRICT_PROTOTYPES = YES;
				CLANG_WARN_SUSPICIOUS_MOVE = YES;
				CLANG_WARN_UNGUARDED_AVAILABILITY = YES_AGGRESSIVE;
				CLANG_WARN_UNREACHABLE_CODE = YES;
				CLANG_WARN__DUPLICATE_METHOD_MATCH = YES;
				COPY_PHASE_STRIP = NO;
				DEBUG_INFORMATION_FORMAT = "dwarf-with-dsym";
				ENABLE_NS_ASSERTIONS = NO;
				ENABLE_STRICT_OBJC_MSGSEND = YES;
				ENABLE_USER_SCRIPT_SANDBOXING = YES;
				GCC_C_LANGUAGE_STANDARD = gnu17;
				GCC_NO_COMMON_BLOCKS = YES;
				GCC_WARN_64_TO_32_BIT_CONVERSION = YES;
				GCC_WARN_ABOUT_RETURN_TYPE = YES_ERROR;
				GCC_WARN_UNDECLARED_SELECTOR = YES;
				GCC_WARN_UNINITIALIZED_AUTOS = YES_AGGRESSIVE;
				GCC_WARN_UNUSED_FUNCTION = YES;
				GCC_WARN_UNUSED_VARIABLE = YES;
				LOCALIZATION_PREFERS_STRING_CATALOGS = YES;
				MACOSX_DEPLOYMENT_TARGET = 14.2;
				MTL_ENABLE_DEBUG_INFO = NO;
				MTL_FAST_MATH = YES;
				SDKROOT = macosx;
				SWIFT_COMPILATION_MODE = wholemodule;
			};
			name = Release;
		};
		61A5A8E32C79ADD000C93036 /* Debug */ = {
			isa = XCBuildConfiguration;
			buildSettings = {
				ASSETCATALOG_COMPILER_APPICON_NAME = AppIcon;
				ASSETCATALOG_COMPILER_GLOBAL_ACCENT_COLOR_NAME = AccentColor;
				CLANG_ENABLE_MODULES = YES;
				CODE_SIGN_ENTITLEMENTS = "GLFW Guide/GLFW_Guide.entitlements";
				CODE_SIGN_STYLE = Automatic;
				COMBINE_HIDPI_IMAGES = YES;
				CURRENT_PROJECT_VERSION = 1;
				DEVELOPMENT_ASSET_PATHS = "\"GLFW Guide/Preview Content\"";
				DEVELOPMENT_TEAM = 9JF99T9A6L;
				ENABLE_HARDENED_RUNTIME = YES;
				ENABLE_PREVIEWS = YES;
				GENERATE_INFOPLIST_FILE = YES;
				HEADER_SEARCH_PATHS = (
					Dependencies/GLFW/include,
					Dependencies/linmath.h,
				);
				INFOPLIST_KEY_NSHumanReadableCopyright = "";
				LD_RUNPATH_SEARCH_PATHS = (
					"$(inherited)",
					"@executable_path/../Frameworks",
				);
				LIBRARY_SEARCH_PATHS = "$(PROJECT_DIR)/Dependencies/GLFW/lib";
				MARKETING_VERSION = 1.0;
				PRODUCT_BUNDLE_IDENTIFIER = "developer.Treata.ModelIO.GLFW-Guide";
				PRODUCT_NAME = "$(TARGET_NAME)";
				SWIFT_EMIT_LOC_STRINGS = YES;
				SWIFT_OPTIMIZATION_LEVEL = "-Onone";
				SWIFT_VERSION = 5.0;
			};
			name = Debug;
		};
		61A5A8E42C79ADD000C93036 /* Release */ = {
			isa = XCBuildConfiguration;
			buildSettings = {
				ASSETCATALOG_COMPILER_APPICON_NAME = AppIcon;
				ASSETCATALOG_COMPILER_GLOBAL_ACCENT_COLOR_NAME = AccentColor;
				CLANG_ENABLE_MODULES = YES;
				CODE_SIGN_ENTITLEMENTS = "GLFW Guide/GLFW_Guide.entitlements";
				CODE_SIGN_STYLE = Automatic;
				COMBINE_HIDPI_IMAGES = YES;
				CURRENT_PROJECT_VERSION = 1;
				DEVELOPMENT_ASSET_PATHS = "\"GLFW Guide/Preview Content\"";
				DEVELOPMENT_TEAM = 9JF99T9A6L;
				ENABLE_HARDENED_RUNTIME = YES;
				ENABLE_PREVIEWS = YES;
				GENERATE_INFOPLIST_FILE = YES;
				HEADER_SEARCH_PATHS = (
					Dependencies/GLFW/include,
					Dependencies/linmath.h,
				);
				INFOPLIST_KEY_NSHumanReadableCopyright = "";
				LD_RUNPATH_SEARCH_PATHS = (
					"$(inherited)",
					"@executable_path/../Frameworks",
				);
				LIBRARY_SEARCH_PATHS = "$(PROJECT_DIR)/Dependencies/GLFW/lib";
				MARKETING_VERSION = 1.0;
				PRODUCT_BUNDLE_IDENTIFIER = "developer.Treata.ModelIO.GLFW-Guide";
				PRODUCT_NAME = "$(TARGET_NAME)";
				SWIFT_EMIT_LOC_STRINGS = YES;
				SWIFT_VERSION = 5.0;
			};
			name = Release;
		};
/* End XCBuildConfiguration section */

/* Begin XCConfigurationList section */
		61A5A8CE2C79ADCE00C93036 /* Build configuration list for PBXProject "GLFW Guide" */ = {
			isa = XCConfigurationList;
			buildConfigurations = (
				61A5A8E02C79ADD000C93036 /* Debug */,
				61A5A8E12C79ADD000C93036 /* Release */,
			);
			defaultConfigurationIsVisible = 0;
			defaultConfigurationName = Release;
		};
		61A5A8E22C79ADD000C93036 /* Build configuration list for PBXNativeTarget "GLFW Guide" */ = {
			isa = XCConfigurationList;
			buildConfigurations = (
				61A5A8E32C79ADD000C93036 /* Debug */,
				61A5A8E42C79ADD000C93036 /* Release */,
			);
			defaultConfigurationIsVisible = 0;
			defaultConfigurationName = Release;
		};
/* End XCConfigurationList section */
	};
	rootObject = 61A5A8CB2C79ADCE00C93036 /* Project object */;
}
